// !$*UTF8*$!
{
	archiveVersion = 1;
	classes = {
	};
	objectVersion = 50;
	objects = {

/* Begin PBXBuildFile section */
		3645EE9824609DD200D399B3 /* AppDelegate.swift in Sources */ = {isa = PBXBuildFile; fileRef = 3645EE9724609DD200D399B3 /* AppDelegate.swift */; };
		3645EE9A24609DD200D399B3 /* SceneDelegate.swift in Sources */ = {isa = PBXBuildFile; fileRef = 3645EE9924609DD200D399B3 /* SceneDelegate.swift */; };
		3645EE9C24609DD200D399B3 /* ContentView.swift in Sources */ = {isa = PBXBuildFile; fileRef = 3645EE9B24609DD200D399B3 /* ContentView.swift */; };
		3645EE9E24609DD400D399B3 /* Assets.xcassets in Resources */ = {isa = PBXBuildFile; fileRef = 3645EE9D24609DD400D399B3 /* Assets.xcassets */; };
		3645EEA124609DD400D399B3 /* Preview Assets.xcassets in Resources */ = {isa = PBXBuildFile; fileRef = 3645EEA024609DD400D399B3 /* Preview Assets.xcassets */; };
		3645EEA424609DD400D399B3 /* LaunchScreen.storyboard in Resources */ = {isa = PBXBuildFile; fileRef = 3645EEA224609DD400D399B3 /* LaunchScreen.storyboard */; };
		3645EEAC2460ACBA00D399B3 /* detail2.swift in Sources */ = {isa = PBXBuildFile; fileRef = 3645EEAB2460ACB900D399B3 /* detail2.swift */; };
/* End PBXBuildFile section */

/* Begin PBXFileReference section */
		3645EE9424609DD200D399B3 /* class2.app */ = {isa = PBXFileReference; explicitFileType = wrapper.application; includeInIndex = 0; path = class2.app; sourceTree = BUILT_PRODUCTS_DIR; };
		3645EE9724609DD200D399B3 /* AppDelegate.swift */ = {isa = PBXFileReference; lastKnownFileType = sourcecode.swift; path = AppDelegate.swift; sourceTree = "<group>"; };
		3645EE9924609DD200D399B3 /* SceneDelegate.swift */ = {isa = PBXFileReference; lastKnownFileType = sourcecode.swift; path = SceneDelegate.swift; sourceTree = "<group>"; };
		3645EE9B24609DD200D399B3 /* ContentView.swift */ = {isa = PBXFileReference; lastKnownFileType = sourcecode.swift; path = ContentView.swift; sourceTree = "<group>"; };
		3645EE9D24609DD400D399B3 /* Assets.xcassets */ = {isa = PBXFileReference; lastKnownFileType = folder.assetcatalog; path = Assets.xcassets; sourceTree = "<group>"; };
		3645EEA024609DD400D399B3 /* Preview Assets.xcassets */ = {isa = PBXFileReference; lastKnownFileType = folder.assetcatalog; path = "Preview Assets.xcassets"; sourceTree = "<group>"; };
		3645EEA324609DD400D399B3 /* Base */ = {isa = PBXFileReference; lastKnownFileType = file.storyboard; name = Base; path = Base.lproj/LaunchScreen.storyboard; sourceTree = "<group>"; };
		3645EEA524609DD400D399B3 /* Info.plist */ = {isa = PBXFileReference; lastKnownFileType = text.plist.xml; path = Info.plist; sourceTree = "<group>"; };
		3645EEAB2460ACB900D399B3 /* detail2.swift */ = {isa = PBXFileReference; lastKnownFileType = sourcecode.swift; path = detail2.swift; sourceTree = "<group>"; };
/* End PBXFileReference section */

/* Begin PBXFrameworksBuildPhase section */
		3645EE9124609DD200D399B3 /* Frameworks */ = {
			isa = PBXFrameworksBuildPhase;
			buildActionMask = 2147483647;
			files = (
			);
			runOnlyForDeploymentPostprocessing = 0;
		};
/* End PBXFrameworksBuildPhase section */

/* Begin PBXGroup section */
		3645EE8B24609DD200D399B3 = {
			isa = PBXGroup;
			children = (
				3645EE9624609DD200D399B3 /* class2 */,
				3645EE9524609DD200D399B3 /* Products */,
			);
			sourceTree = "<group>";
		};
		3645EE9524609DD200D399B3 /* Products */ = {
			isa = PBXGroup;
			children = (
				3645EE9424609DD200D399B3 /* class2.app */,
			);
			name = Products;
			sourceTree = "<group>";
		};
		3645EE9624609DD200D399B3 /* class2 */ = {
			isa = PBXGroup;
			children = (
				3645EE9724609DD200D399B3 /* AppDelegate.swift */,
				3645EE9924609DD200D399B3 /* SceneDelegate.swift */,
				3645EE9B24609DD200D399B3 /* ContentView.swift */,
				3645EEAB2460ACB900D399B3 /* detail2.swift */,
				3645EE9D24609DD400D399B3 /* Assets.xcassets */,
				3645EEA224609DD400D399B3 /* LaunchScreen.storyboard */,
				3645EEA524609DD400D399B3 /* Info.plist */,
				3645EE9F24609DD400D399B3 /* Preview Content */,
			);
			path = class2;
			sourceTree = "<group>";
		};
		3645EE9F24609DD400D399B3 /* Preview Content */ = {
			isa = PBXGroup;
			children = (
				3645EEA024609DD400D399B3 /* Preview Assets.xcassets */,
			);
			path = "Preview Content";
			sourceTree = "<group>";
		};
/* End PBXGroup section */

/* Begin PBXNativeTarget section */
		3645EE9324609DD200D399B3 /* class2 */ = {
			isa = PBXNativeTarget;
			buildConfigurationList = 3645EEA824609DD400D399B3 /* Build configuration list for PBXNativeTarget "class2" */;
			buildPhases = (
				3645EE9024609DD200D399B3 /* Sources */,
				3645EE9124609DD200D399B3 /* Frameworks */,
				3645EE9224609DD200D399B3 /* Resources */,
			);
			buildRules = (
			);
			dependencies = (
			);
			name = class2;
			productName = class2;
			productReference = 3645EE9424609DD200D399B3 /* class2.app */;
			productType = "com.apple.product-type.application";
		};
/* End PBXNativeTarget section */

/* Begin PBXProject section */
		3645EE8C24609DD200D399B3 /* Project object */ = {
			isa = PBXProject;
			attributes = {
				LastSwiftUpdateCheck = 1140;
				LastUpgradeCheck = 1140;
				ORGANIZATIONNAME = Shaimaa;
				TargetAttributes = {
					3645EE9324609DD200D399B3 = {
						CreatedOnToolsVersion = 11.4.1;
					};
				};
			};
			buildConfigurationList = 3645EE8F24609DD200D399B3 /* Build configuration list for PBXProject "class2" */;
			compatibilityVersion = "Xcode 9.3";
			developmentRegion = en;
			hasScannedForEncodings = 0;
			knownRegions = (
				en,
				Base,
			);
			mainGroup = 3645EE8B24609DD200D399B3;
			productRefGroup = 3645EE9524609DD200D399B3 /* Products */;
			projectDirPath = "";
			projectRoot = "";
			targets = (
				3645EE9324609DD200D399B3 /* class2 */,
			);
		};
/* End PBXProject section */

/* Begin PBXResourcesBuildPhase section */
		3645EE9224609DD200D399B3 /* Resources */ = {
			isa = PBXResourcesBuildPhase;
			buildActionMask = 2147483647;
			files = (
				3645EEA424609DD400D399B3 /* LaunchScreen.storyboard in Resources */,
				3645EEA124609DD400D399B3 /* Preview Assets.xcassets in Resources */,
				3645EE9E24609DD400D399B3 /* Assets.xcassets in Resources */,
			);
			runOnlyForDeploymentPostprocessing = 0;
		};
/* End PBXResourcesBuildPhase section */

/* Begin PBXSourcesBuildPhase section */
		3645EE9024609DD200D399B3 /* Sources */ = {
			isa = PBXSourcesBuildPhase;
			buildActionMask = 2147483647;
			files = (
				3645EE9824609DD200D399B3 /* AppDelegate.swift in Sources */,
				3645EEAC2460ACBA00D399B3 /* detail2.swift in Sources */,
				3645EE9A24609DD200D399B3 /* SceneDelegate.swift in Sources */,
				3645EE9C24609DD200D399B3 /* ContentView.swift in Sources */,
			);
			runOnlyForDeploymentPostprocessing = 0;
		};
/* End PBXSourcesBuildPhase section */

/* Begin PBXVariantGroup section */
		3645EEA224609DD400D399B3 /* LaunchScreen.storyboard */ = {
			isa = PBXVariantGroup;
			children = (
				3645EEA324609DD400D399B3 /* Base */,
			);
			name = LaunchScreen.storyboard;
			sourceTree = "<group>";
		};
/* End PBXVariantGroup section */

/* Begin XCBuildConfiguration section */
		3645EEA624609DD400D399B3 /* Debug */ = {
			isa = XCBuildConfiguration;
			buildSettings = {
				ALWAYS_SEARCH_USER_PATHS = NO;
				CLANG_ANALYZER_NONNULL = YES;
				CLANG_ANALYZER_NUMBER_OBJECT_CONVERSION = YES_AGGRESSIVE;
				CLANG_CXX_LANGUAGE_STANDARD = "gnu++14";
				CLANG_CXX_LIBRARY = "libc++";
				CLANG_ENABLE_MODULES = YES;
				CLANG_ENABLE_OBJC_ARC = YES;
				CLANG_ENABLE_OBJC_WEAK = YES;
				CLANG_WARN_BLOCK_CAPTURE_AUTORELEASING = YES;
				CLANG_WARN_BOOL_CONVERSION = YES;
				CLANG_WARN_COMMA = YES;
				CLANG_WARN_CONSTANT_CONVERSION = YES;
				CLANG_WARN_DEPRECATED_OBJC_IMPLEMENTATIONS = YES;
				CLANG_WARN_DIRECT_OBJC_ISA_USAGE = YES_ERROR;
				CLANG_WARN_DOCUMENTATION_COMMENTS = YES;
				CLANG_WARN_EMPTY_BODY = YES;
				CLANG_WARN_ENUM_CONVERSION = YES;
				CLANG_WARN_INFINITE_RECURSION = YES;
				CLANG_WARN_INT_CONVERSION = YES;
				CLANG_WARN_NON_LITERAL_NULL_CONVERSION = YES;
				CLANG_WARN_OBJC_IMPLICIT_RETAIN_SELF = YES;
				CLANG_WARN_OBJC_LITERAL_CONVERSION = YES;
				CLANG_WARN_OBJC_ROOT_CLASS = YES_ERROR;
				CLANG_WARN_RANGE_LOOP_ANALYSIS = YES;
				CLANG_WARN_STRICT_PROTOTYPES = YES;
				CLANG_WARN_SUSPICIOUS_MOVE = YES;
				CLANG_WARN_UNGUARDED_AVAILABILITY = YES_AGGRESSIVE;
				CLANG_WARN_UNREACHABLE_CODE = YES;
				CLANG_WARN__DUPLICATE_METHOD_MATCH = YES;
				COPY_PHASE_STRIP = NO;
				DEBUG_INFORMATION_FORMAT = dwarf;
				ENABLE_STRICT_OBJC_MSGSEND = YES;
				ENABLE_TESTABILITY = YES;
				GCC_C_LANGUAGE_STANDARD = gnu11;
				GCC_DYNAMIC_NO_PIC = NO;
				GCC_NO_COMMON_BLOCKS = YES;
				GCC_OPTIMIZATION_LEVEL = 0;
				GCC_PREPROCESSOR_DEFINITIONS = (
					"DEBUG=1",
					"$(inherited)",
				);
				GCC_WARN_64_TO_32_BIT_CONVERSION = YES;
				GCC_WARN_ABOUT_RETURN_TYPE = YES_ERROR;
				GCC_WARN_UNDECLARED_SELECTOR = YES;
				GCC_WARN_UNINITIALIZED_AUTOS = YES_AGGRESSIVE;
				GCC_WARN_UNUSED_FUNCTION = YES;
				GCC_WARN_UNUSED_VARIABLE = YES;
				IPHONEOS_DEPLOYMENT_TARGET = 13.4;
				MTL_ENABLE_DEBUG_INFO = INCLUDE_SOURCE;
				MTL_FAST_MATH = YES;
				ONLY_ACTIVE_ARCH = YES;
				SDKROOT = iphoneos;
				SWIFT_ACTIVE_COMPILATION_CONDITIONS = DEBUG;
				SWIFT_OPTIMIZATION_LEVEL = "-Onone";
			};
			name = Debug;
		};
		3645EEA724609DD400D399B3 /* Release */ = {
			isa = XCBuildConfiguration;
			buildSettings = {
				ALWAYS_SEARCH_USER_PATHS = NO;
				CLANG_ANALYZER_NONNULL = YES;
				CLANG_ANALYZER_NUMBER_OBJECT_CONVERSION = YES_AGGRESSIVE;
				CLANG_CXX_LANGUAGE_STANDARD = "gnu++14";
				CLANG_CXX_LIBRARY = "libc++";
				CLANG_ENABLE_MODULES = YES;
				CLANG_ENABLE_OBJC_ARC = YES;
				CLANG_ENABLE_OBJC_WEAK = YES;
				CLANG_WARN_BLOCK_CAPTURE_AUTORELEASING = YES;
				CLANG_WARN_BOOL_CONVERSION = YES;
				CLANG_WARN_COMMA = YES;
				CLANG_WARN_CONSTANT_CONVERSION = YES;
				CLANG_WARN_DEPRECATED_OBJC_IMPLEMENTATIONS = YES;
				CLANG_WARN_DIRECT_OBJC_ISA_USAGE = YES_ERROR;
				CLANG_WARN_DOCUMENTATION_COMMENTS = YES;
				CLANG_WARN_EMPTY_BODY = YES;
				CLANG_WARN_ENUM_CONVERSION = YES;
				CLANG_WARN_INFINITE_RECURSION = YES;
				CLANG_WARN_INT_CONVERSION = YES;
				CLANG_WARN_NON_LITERAL_NULL_CONVERSION = YES;
				CLANG_WARN_OBJC_IMPLICIT_RETAIN_SELF = YES;
				CLANG_WARN_OBJC_LITERAL_CONVERSION = YES;
				CLANG_WARN_OBJC_ROOT_CLASS = YES_ERROR;
				CLANG_WARN_RANGE_LOOP_ANALYSIS = YES;
				CLANG_WARN_STRICT_PROTOTYPES = YES;
				CLANG_WARN_SUSPICIOUS_MOVE = YES;
				CLANG_WARN_UNGUARDED_AVAILABILITY = YES_AGGRESSIVE;
				CLANG_WARN_UNREACHABLE_CODE = YES;
				CLANG_WARN__DUPLICATE_METHOD_MATCH = YES;
				COPY_PHASE_STRIP = NO;
				DEBUG_INFORMATION_FORMAT = "dwarf-with-dsym";
				ENABLE_NS_ASSERTIONS = NO;
				ENABLE_STRICT_OBJC_MSGSEND = YES;
				GCC_C_LANGUAGE_STANDARD = gnu11;
				GCC_NO_COMMON_BLOCKS = YES;
				GCC_WARN_64_TO_32_BIT_CONVERSION = YES;
				GCC_WARN_ABOUT_RETURN_TYPE = YES_ERROR;
				GCC_WARN_UNDECLARED_SELECTOR = YES;
				GCC_WARN_UNINITIALIZED_AUTOS = YES_AGGRESSIVE;
				GCC_WARN_UNUSED_FUNCTION = YES;
				GCC_WARN_UNUSED_VARIABLE = YES;
				IPHONEOS_DEPLOYMENT_TARGET = 13.4;
				MTL_ENABLE_DEBUG_INFO = NO;
				MTL_FAST_MATH = YES;
				SDKROOT = iphoneos;
				SWIFT_COMPILATION_MODE = wholemodule;
				SWIFT_OPTIMIZATION_LEVEL = "-O";
				VALIDATE_PRODUCT = YES;
			};
			name = Release;
		};
		3645EEA924609DD400D399B3 /* Debug */ = {
			isa = XCBuildConfiguration;
			buildSettings = {
				ASSETCATALOG_COMPILER_APPICON_NAME = AppIcon;
				CODE_SIGN_STYLE = Automatic;
				DEVELOPMENT_ASSET_PATHS = "\"class2/Preview Content\"";
				DEVELOPMENT_TEAM = NK9W47FT6Q;
				ENABLE_PREVIEWS = YES;
				INFOPLIST_FILE = class2/Info.plist;
				LD_RUNPATH_SEARCH_PATHS = (
					"$(inherited)",
					"@executable_path/Frameworks",
				);
				PRODUCT_BUNDLE_IDENTIFIER = com.shaima.class2;
				PRODUCT_NAME = "$(TARGET_NAME)";
				SWIFT_VERSION = 5.0;
				TARGETED_DEVICE_FAMILY = "1,2";
			};
			name = Debug;
		};
		3645EEAA24609DD400D399B3 /* Release */ = {
			isa = XCBuildConfiguration;
			buildSettings = {
				ASSETCATALOG_COMPILER_APPICON_NAME = AppIcon;
				CODE_SIGN_STYLE = Automatic;
				DEVELOPMENT_ASSET_PATHS = "\"class2/Preview Content\"";
				DEVELOPMENT_TEAM = NK9W47FT6Q;
				ENABLE_PREVIEWS = YES;
				INFOPLIST_FILE = class2/Info.plist;
				LD_RUNPATH_SEARCH_PATHS = (
					"$(inherited)",
					"@executable_path/Frameworks",
				);
				PRODUCT_BUNDLE_IDENTIFIER = com.shaima.class2;
				PRODUCT_NAME = "$(TARGET_NAME)";
				SWIFT_VERSION = 5.0;
				TARGETED_DEVICE_FAMILY = "1,2";
			};
			name = Release;
		};
/* End XCBuildConfiguration section */

/* Begin XCConfigurationList section */
		3645EE8F24609DD200D399B3 /* Build configuration list for PBXProject "class2" */ = {
			isa = XCConfigurationList;
			buildConfigurations = (
				3645EEA624609DD400D399B3 /* Debug */,
				3645EEA724609DD400D399B3 /* Release */,
			);
			defaultConfigurationIsVisible = 0;
			defaultConfigurationName = Release;
		};
		3645EEA824609DD400D399B3 /* Build configuration list for PBXNativeTarget "class2" */ = {
			isa = XCConfigurationList;
			buildConfigurations = (
				3645EEA924609DD400D399B3 /* Debug */,
				3645EEAA24609DD400D399B3 /* Release */,
			);
			defaultConfigurationIsVisible = 0;
			defaultConfigurationName = Release;
		};
/* End XCConfigurationList section */
	};
	rootObject = 3645EE8C24609DD200D399B3 /* Project object */;
}
